
Microsoft Visual Studio Solution File, Format Version 12.00
# Visual Studio Version 17
VisualStudioVersion = 17.9.34728.123
MinimumVisualStudioVersion = 10.0.40219.1
Project("{FAE04EC0-301F-11D3-BF4B-00C04F79EFBC}") = "usercenter.Contracts", "usercenter.Contracts\usercenter.Contracts.csproj", "{2D683BF6-9A1D-4BBB-90EB-A92AF673BC6E}"
EndProject
Project("{FAE04EC0-301F-11D3-BF4B-00C04F79EFBC}") = "usercenter.Api", "usercenter.Api\usercenter.Api.csproj", "{4E5B1BA7-C8E2-40F0-A7F8-18401BF496EB}"
EndProject
Global
	GlobalSection(SolutionConfigurationPlatforms) = preSolution
		Debug|Any CPU = Debug|Any CPU
		Release|Any CPU = Release|Any CPU
	EndGlobalSection
	GlobalSection(ProjectConfigurationPlatforms) = postSolution
		{2D683BF6-9A1D-4BBB-90EB-A92AF673BC6E}.Debug|Any CPU.ActiveCfg = Debug|Any CPU
		{2D683BF6-9A1D-4BBB-90EB-A92AF673BC6E}.Debug|Any CPU.Build.0 = Debug|Any CPU
		{2D683BF6-9A1D-4BBB-90EB-A92AF673BC6E}.Release|Any CPU.ActiveCfg = Release|Any CPU
		{2D683BF6-9A1D-4BBB-90EB-A92AF673BC6E}.Release|Any CPU.Build.0 = Release|Any CPU
		{4E5B1BA7-C8E2-40F0-A7F8-18401BF496EB}.Debug|Any CPU.ActiveCfg = Debug|Any CPU
		{4E5B1BA7-C8E2-40F0-A7F8-18401BF496EB}.Debug|Any CPU.Build.0 = Debug|Any CPU
		{4E5B1BA7-C8E2-40F0-A7F8-18401BF496EB}.Release|Any CPU.ActiveCfg = Release|Any CPU
		{4E5B1BA7-C8E2-40F0-A7F8-18401BF496EB}.Release|Any CPU.Build.0 = Release|Any CPU
	EndGlobalSection
	GlobalSection(SolutionProperties) = preSolution
		HideSolutionNode = FALSE
	EndGlobalSection
	GlobalSection(ExtensibilityGlobals) = postSolution
		SolutionGuid = {BBF3580F-5609-41B4-909D-5C6445830517}
	EndGlobalSection
EndGlobal
